
Microsoft Visual Studio Solution File, Format Version 12.00
# Visual Studio Version 17
VisualStudioVersion = 17.1.32228.430
MinimumVisualStudioVersion = 10.0.40219.1
Project("{FAE04EC0-301F-11D3-BF4B-00C04F79EFBC}") = "BlogPessoal", "BlogPessoal\BlogPessoal.csproj", "{FC555F0E-AABC-40A6-BEA5-148D9C704D8F}"
EndProject
Project("{FAE04EC0-301F-11D3-BF4B-00C04F79EFBC}") = "BlogPessoalTeste", "BlogPessoalTeste\BlogPessoalTeste.csproj", "{9503680A-03F4-4CF6-A209-ED8807603182}"
EndProject
Global
	GlobalSection(SolutionConfigurationPlatforms) = preSolution
		Debug|Any CPU = Debug|Any CPU
		Release|Any CPU = Release|Any CPU
	EndGlobalSection
	GlobalSection(ProjectConfigurationPlatforms) = postSolution
		{FC555F0E-AABC-40A6-BEA5-148D9C704D8F}.Debug|Any CPU.ActiveCfg = Debug|Any CPU
		{FC555F0E-AABC-40A6-BEA5-148D9C704D8F}.Debug|Any CPU.Build.0 = Debug|Any CPU
		{FC555F0E-AABC-40A6-BEA5-148D9C704D8F}.Release|Any CPU.ActiveCfg = Release|Any CPU
		{FC555F0E-AABC-40A6-BEA5-148D9C704D8F}.Release|Any CPU.Build.0 = Release|Any CPU
		{9503680A-03F4-4CF6-A209-ED8807603182}.Debug|Any CPU.ActiveCfg = Debug|Any CPU
		{9503680A-03F4-4CF6-A209-ED8807603182}.Debug|Any CPU.Build.0 = Debug|Any CPU
		{9503680A-03F4-4CF6-A209-ED8807603182}.Release|Any CPU.ActiveCfg = Release|Any CPU
		{9503680A-03F4-4CF6-A209-ED8807603182}.Release|Any CPU.Build.0 = Release|Any CPU
	EndGlobalSection
	GlobalSection(SolutionProperties) = preSolution
		HideSolutionNode = FALSE
	EndGlobalSection
	GlobalSection(ExtensibilityGlobals) = postSolution
		SolutionGuid = {301AF78B-5294-48A6-AAF3-1AD3F1741DCD}
	EndGlobalSection
EndGlobal
